{
  "version": 4,
  "terraform_version": "1.14.1",
  "serial": 65,
  "lineage": "7d4c446a-face-a60d-7a96-1bb05ed33ba2",
  "outputs": {},
  "resources": [
    {
      "mode": "managed",
      "type": "aws_batch_compute_environment",
      "name": "ce",
      "provider": "provider[\"registry.terraform.io/hashicorp/aws\"].source",
      "instances": [
        {
          "status": "tainted",
          "schema_version": 0,
          "attributes": {
            "arn": "arn:aws:batch:ap-south-1:122610480432:compute-environment/batch-Compute_environment",
            "compute_environment_name": "batch-Compute_environment",
            "compute_environment_name_prefix": "",
            "compute_resources": [
              {
                "allocation_strategy": "",
                "bid_percentage": 0,
                "desired_vcpus": 0,
                "ec2_configuration": [],
                "ec2_key_pair": "",
                "image_id": "",
                "instance_role": "",
                "instance_type": [],
                "launch_template": [],
                "max_vcpus": 16,
                "min_vcpus": 0,
                "placement_group": "",
                "security_group_ids": [
                  "sg-0a6f44fb30336ada9"
                ],
                "spot_iam_fleet_role": "",
                "subnets": [
                  "subnet-05bf44109e71818f7",
                  "subnet-0b931ba1088037e74"
                ],
                "tags": {},
                "type": "FARGATE"
              }
            ],
            "ecs_cluster_arn": "",
            "eks_configuration": [],
            "id": "batch-Compute_environment",
            "service_role": "arn:aws:iam::122610480432:role/batch-s3-job-role",
            "state": "DISABLED",
            "status": "INVALID",
            "status_reason": "CLIENT_ERROR - User: batch.amazonaws.com is not authorized to perform: sts:AssumeRole on resource: arn:aws:iam::122610480432:role/batch-s3-job-role (Service: AWSSecurityTokenService; Status Code: 403; Error Code: AccessDenied; Request ID: d37bb767-5e9b-4e9e-b052-231d839991d8; Proxy: null)",
            "tags": {},
            "tags_all": {},
            "type": "MANAGED",
            "update_policy": []
          },
          "sensitive_attributes": [],
          "identity_schema_version": 0,
          "private": "bnVsbA==",
          "dependencies": [
            "aws_iam_role.batch_job_role"
          ]
        }
      ]
    },
    {
      "mode": "managed",
      "type": "aws_batch_job_definition",
      "name": "inventory_splitter",
      "provider": "provider[\"registry.terraform.io/hashicorp/aws\"].source",
      "instances": [
        {
          "schema_version": 0,
          "attributes": {
            "arn": "arn:aws:batch:ap-south-1:122610480432:job-definition/inventory-splitter:2",
            "arn_prefix": "arn:aws:batch:ap-south-1:122610480432:job-definition/inventory-splitter",
            "container_properties": "{\"command\":[\"python\",\"Inventory_Splitter.py\"],\"environment\":[{\"name\":\"CHUNK_SIZE\",\"value\":\"1000\"},{\"name\":\"INVENTORY_BUCKET\",\"value\":\"soumyakc-dest-mum-999\"},{\"name\":\"MANIFEST_KEY\",\"value\":\"soumyakc-source-mum-999/s3-inventory/2025-12-25T01-00Z/manifest.json\"},{\"name\":\"destination_bucket_name\",\"value\":\"soumyakc-dest-mum-999\"}],\"image\":\"122610480432.dkr.ecr.ap-south-1.amazonaws.com/ecr-inventory-splitter:latest\",\"jobRoleArn\":\"arn:aws:iam::122610480432:role/batch-s3-job-role\",\"memory\":2048,\"mountPoints\":[],\"resourceRequirements\":[],\"secrets\":[],\"ulimits\":[],\"vcpus\":1,\"volumes\":[]}",
            "deregister_on_new_revision": true,
            "ecs_properties": "",
            "eks_properties": [],
            "id": "arn:aws:batch:ap-south-1:122610480432:job-definition/inventory-splitter:2",
            "name": "inventory-splitter",
            "node_properties": "",
            "parameters": {},
            "platform_capabilities": [],
            "propagate_tags": false,
            "retry_strategy": [],
            "revision": 2,
            "scheduling_priority": 0,
            "tags": {},
            "tags_all": {},
            "timeout": [],
            "type": "container"
          },
          "sensitive_attributes": [],
          "identity_schema_version": 0,
          "private": "bnVsbA==",
          "dependencies": [
            "aws_iam_role.batch_job_role"
          ]
        }
      ]
    },
    {
      "mode": "managed",
      "type": "aws_ecr_lifecycle_policy",
      "name": "ecr_inventory_splitter",
      "provider": "provider[\"registry.terraform.io/hashicorp/aws\"].source",
      "instances": [
        {
          "schema_version": 0,
          "attributes": {
            "id": "ecr-inventory-splitter",
            "policy": "{\"rules\":[{\"action\":{\"type\":\"expire\"},\"description\":\"Keep last 10 images\",\"rulePriority\":1,\"selection\":{\"countNumber\":10,\"countType\":\"imageCountMoreThan\",\"tagStatus\":\"any\"}}]}",
            "registry_id": "122610480432",
            "repository": "ecr-inventory-splitter"
          },
          "sensitive_attributes": [],
          "identity_schema_version": 0,
          "private": "bnVsbA==",
          "dependencies": [
            "aws_ecr_repository.ecr_inventory_splitter"
          ]
        }
      ]
    },
    {
      "mode": "managed",
      "type": "aws_ecr_repository",
      "name": "ecr_inventory_splitter",
      "provider": "provider[\"registry.terraform.io/hashicorp/aws\"].source",
      "instances": [
        {
          "schema_version": 0,
          "attributes": {
            "arn": "arn:aws:ecr:ap-south-1:122610480432:repository/ecr-inventory-splitter",
            "encryption_configuration": [
              {
                "encryption_type": "AES256",
                "kms_key": ""
              }
            ],
            "force_delete": null,
            "id": "ecr-inventory-splitter",
            "image_scanning_configuration": [
              {
                "scan_on_push": true
              }
            ],
            "image_tag_mutability": "MUTABLE",
            "name": "ecr-inventory-splitter",
            "registry_id": "122610480432",
            "repository_url": "122610480432.dkr.ecr.ap-south-1.amazonaws.com/ecr-inventory-splitter",
            "tags": {
              "Account": "source",
              "Environment": "dev",
              "Name": "ecr-inventory-splitter"
            },
            "tags_all": {
              "Account": "source",
              "Environment": "dev",
              "Name": "ecr-inventory-splitter"
            },
            "timeouts": null
          },
          "sensitive_attributes": [],
          "identity_schema_version": 0,
          "private": "eyJlMmJmYjczMC1lY2FhLTExZTYtOGY4OC0zNDM2M2JjN2M0YzAiOnsiZGVsZXRlIjoxMjAwMDAwMDAwMDAwfX0="
        }
      ]
    },
    {
      "mode": "managed",
      "type": "aws_iam_policy",
      "name": "batch_s3_policy",
      "provider": "provider[\"registry.terraform.io/hashicorp/aws\"].source",
      "instances": [
        {
          "schema_version": 0,
          "attributes": {
            "arn": "arn:aws:iam::122610480432:policy/batch-s3-policy",
            "attachment_count": 0,
            "description": "",
            "id": "arn:aws:iam::122610480432:policy/batch-s3-policy",
            "name": "batch-s3-policy",
            "name_prefix": "",
            "path": "/",
            "policy": "{\"Statement\":[{\"Action\":[\"s3:ListBucket\"],\"Effect\":\"Allow\",\"Resource\":\"arn:aws:s3:::soumyakc-dest-mum-999\"},{\"Action\":[\"s3:GetObject\",\"s3:PutObject\"],\"Effect\":\"Allow\",\"Resource\":\"arn:aws:s3:::soumyakc-dest-mum-999/*\"},{\"Action\":[\"logs:*\"],\"Effect\":\"Allow\",\"Resource\":\"*\"}],\"Version\":\"2012-10-17\"}",
            "policy_id": "ANPARZDBHOUYEIC4CI37U",
            "tags": {},
            "tags_all": {}
          },
          "sensitive_attributes": [],
          "identity_schema_version": 0,
          "private": "bnVsbA=="
        }
      ]
    },
    {
      "mode": "managed",
      "type": "aws_iam_role",
      "name": "batch_job_role",
      "provider": "provider[\"registry.terraform.io/hashicorp/aws\"].source",
      "instances": [
        {
          "schema_version": 0,
          "attributes": {
            "arn": "arn:aws:iam::122610480432:role/batch-s3-job-role",
            "assume_role_policy": "{\"Statement\":[{\"Action\":\"sts:AssumeRole\",\"Effect\":\"Allow\",\"Principal\":{\"Service\":\"ecs-tasks.amazonaws.com\"}}],\"Version\":\"2012-10-17\"}",
            "create_date": "2025-12-26T20:29:51Z",
            "description": "",
            "force_detach_policies": false,
            "id": "batch-s3-job-role",
            "inline_policy": [],
            "managed_policy_arns": [],
            "max_session_duration": 3600,
            "name": "batch-s3-job-role",
            "name_prefix": "",
            "path": "/",
            "permissions_boundary": "",
            "tags": {},
            "tags_all": {},
            "unique_id": "AROARZDBHOUYLMGJNGWJ6"
          },
          "sensitive_attributes": [],
          "identity_schema_version": 0,
          "private": "bnVsbA=="
        }
      ]
    },
    {
      "mode": "managed",
      "type": "aws_iam_role",
      "name": "batch_service_role",
      "provider": "provider[\"registry.terraform.io/hashicorp/aws\"].source",
      "instances": [
        {
          "schema_version": 0,
          "attributes": {
            "arn": "arn:aws:iam::122610480432:role/batch-service-role",
            "assume_role_policy": "{\"Statement\":[{\"Action\":\"sts:AssumeRole\",\"Effect\":\"Allow\",\"Principal\":{\"Service\":\"batch.amazonaws.com\"}}],\"Version\":\"2012-10-17\"}",
            "create_date": "2025-12-26T20:53:03Z",
            "description": "",
            "force_detach_policies": false,
            "id": "batch-service-role",
            "inline_policy": [],
            "managed_policy_arns": [
              "arn:aws:iam::aws:policy/service-role/AWSBatchServiceRole"
            ],
            "max_session_duration": 3600,
            "name": "batch-service-role",
            "name_prefix": "",
            "path": "/",
            "permissions_boundary": "",
            "tags": {},
            "tags_all": {},
            "unique_id": "AROARZDBHOUYDUWLOM4GU"
          },
          "sensitive_attributes": [],
          "identity_schema_version": 0,
          "private": "bnVsbA=="
        }
      ]
    },
    {
      "mode": "managed",
      "type": "aws_iam_role_policy_attachment",
      "name": "batch_service_attach",
      "provider": "provider[\"registry.terraform.io/hashicorp/aws\"].source",
      "instances": [
        {
          "schema_version": 0,
          "attributes": {
            "id": "batch-service-role-20251226205305736100000001",
            "policy_arn": "arn:aws:iam::aws:policy/service-role/AWSBatchServiceRole",
            "role": "batch-service-role"
          },
          "sensitive_attributes": [],
          "identity_schema_version": 0,
          "private": "bnVsbA==",
          "dependencies": [
            "aws_iam_role.batch_service_role"
          ]
        }
      ]
    },
    {
      "mode": "managed",
      "type": "aws_s3_bucket",
      "name": "destination_analytics_raw",
      "provider": "provider[\"registry.terraform.io/hashicorp/aws\"].destination",
      "instances": [
        {
          "schema_version": 0,
          "attributes": {
            "acceleration_status": "",
            "acl": null,
            "arn": "arn:aws:s3:::soumyakc-dest-mum-999",
            "bucket": "soumyakc-dest-mum-999",
            "bucket_domain_name": "soumyakc-dest-mum-999.s3.amazonaws.com",
            "bucket_prefix": "",
            "bucket_regional_domain_name": "soumyakc-dest-mum-999.s3.ap-south-1.amazonaws.com",
            "cors_rule": [],
            "force_destroy": false,
            "grant": [
              {
                "id": "da901c87adb513350562037b5739aefa2cdd46c709a960081cc5093006290de1",
                "permissions": [
                  "FULL_CONTROL"
                ],
                "type": "CanonicalUser",
                "uri": ""
              }
            ],
            "hosted_zone_id": "Z11RGJOFQNVJUP",
            "id": "soumyakc-dest-mum-999",
            "lifecycle_rule": [],
            "logging": [],
            "object_lock_configuration": [],
            "object_lock_enabled": false,
            "policy": "{\"Statement\":[{\"Action\":\"s3:PutObject\",\"Condition\":{\"StringEquals\":{\"aws:SourceAccount\":\"122610480432\"}},\"Effect\":\"Allow\",\"Principal\":{\"Service\":\"s3.amazonaws.com\"},\"Resource\":\"arn:aws:s3:::soumyakc-dest-mum-999/*\",\"Sid\":\"AllowS3InventoryFromSourceAccount\"}],\"Version\":\"2012-10-17\"}",
            "region": "ap-south-1",
            "replication_configuration": [],
            "request_payer": "BucketOwner",
            "server_side_encryption_configuration": [
              {
                "rule": [
                  {
                    "apply_server_side_encryption_by_default": [
                      {
                        "kms_master_key_id": "",
                        "sse_algorithm": "AES256"
                      }
                    ],
                    "bucket_key_enabled": false
                  }
                ]
              }
            ],
            "tags": {
              "Account": "destination",
              "Environment": "dev",
              "Name": "analytics-raw"
            },
            "tags_all": {
              "Account": "destination",
              "Environment": "dev",
              "Name": "analytics-raw"
            },
            "timeouts": null,
            "versioning": [
              {
                "enabled": false,
                "mfa_delete": false
              }
            ],
            "website": [],
            "website_domain": null,
            "website_endpoint": null
          },
          "sensitive_attributes": [],
          "identity_schema_version": 0,
          "private": "eyJlMmJmYjczMC1lY2FhLTExZTYtOGY4OC0zNDM2M2JjN2M0YzAiOnsiY3JlYXRlIjoxMjAwMDAwMDAwMDAwLCJkZWxldGUiOjM2MDAwMDAwMDAwMDAsInJlYWQiOjEyMDAwMDAwMDAwMDAsInVwZGF0ZSI6MTIwMDAwMDAwMDAwMH19"
        }
      ]
    },
    {
      "mode": "managed",
      "type": "aws_s3_bucket",
      "name": "source_policy_history",
      "provider": "provider[\"registry.terraform.io/hashicorp/aws\"].source",
      "instances": [
        {
          "schema_version": 0,
          "attributes": {
            "acceleration_status": "",
            "acl": null,
            "arn": "arn:aws:s3:::soumyakc-source-mum-999",
            "bucket": "soumyakc-source-mum-999",
            "bucket_domain_name": "soumyakc-source-mum-999.s3.amazonaws.com",
            "bucket_prefix": "",
            "bucket_regional_domain_name": "soumyakc-source-mum-999.s3.ap-south-1.amazonaws.com",
            "cors_rule": [],
            "force_destroy": false,
            "grant": [
              {
                "id": "ddf76e874580b05b9996380dfb28fae387c700eb97dd38711780ef0e0c41b464",
                "permissions": [
                  "FULL_CONTROL"
                ],
                "type": "CanonicalUser",
                "uri": ""
              }
            ],
            "hosted_zone_id": "Z11RGJOFQNVJUP",
            "id": "soumyakc-source-mum-999",
            "lifecycle_rule": [],
            "logging": [],
            "object_lock_configuration": [],
            "object_lock_enabled": false,
            "policy": "",
            "region": "ap-south-1",
            "replication_configuration": [],
            "request_payer": "BucketOwner",
            "server_side_encryption_configuration": [
              {
                "rule": [
                  {
                    "apply_server_side_encryption_by_default": [
                      {
                        "kms_master_key_id": "",
                        "sse_algorithm": "AES256"
                      }
                    ],
                    "bucket_key_enabled": false
                  }
                ]
              }
            ],
            "tags": {
              "Account": "source",
              "Environment": "dev",
              "Name": "policy-history"
            },
            "tags_all": {
              "Account": "source",
              "Environment": "dev",
              "Name": "policy-history"
            },
            "timeouts": null,
            "versioning": [
              {
                "enabled": false,
                "mfa_delete": false
              }
            ],
            "website": [],
            "website_domain": null,
            "website_endpoint": null
          },
          "sensitive_attributes": [],
          "identity_schema_version": 0,
          "private": "eyJlMmJmYjczMC1lY2FhLTExZTYtOGY4OC0zNDM2M2JjN2M0YzAiOnsiY3JlYXRlIjoxMjAwMDAwMDAwMDAwLCJkZWxldGUiOjM2MDAwMDAwMDAwMDAsInJlYWQiOjEyMDAwMDAwMDAwMDAsInVwZGF0ZSI6MTIwMDAwMDAwMDAwMH19"
        }
      ]
    },
    {
      "mode": "managed",
      "type": "aws_s3_bucket_inventory",
      "name": "source_policy_inventory",
      "provider": "provider[\"registry.terraform.io/hashicorp/aws\"].source",
      "instances": [
        {
          "schema_version": 0,
          "attributes": {
            "bucket": "soumyakc-source-mum-999",
            "destination": [
              {
                "bucket": [
                  {
                    "account_id": "",
                    "bucket_arn": "arn:aws:s3:::soumyakc-dest-mum-999",
                    "encryption": [],
                    "format": "CSV",
                    "prefix": ""
                  }
                ]
              }
            ],
            "enabled": true,
            "filter": [],
            "id": "soumyakc-source-mum-999:s3-inventory",
            "included_object_versions": "Current",
            "name": "s3-inventory",
            "optional_fields": [
              "ETag",
              "LastModifiedDate",
              "Size",
              "StorageClass"
            ],
            "schedule": [
              {
                "frequency": "Daily"
              }
            ]
          },
          "sensitive_attributes": [],
          "identity_schema_version": 0,
          "private": "bnVsbA==",
          "dependencies": [
            "aws_s3_bucket.destination_analytics_raw",
            "aws_s3_bucket.source_policy_history"
          ]
        }
      ]
    },
    {
      "mode": "managed",
      "type": "aws_s3_bucket_policy",
      "name": "allow_source_inventory",
      "provider": "provider[\"registry.terraform.io/hashicorp/aws\"].destination",
      "instances": [
        {
          "schema_version": 0,
          "attributes": {
            "bucket": "soumyakc-dest-mum-999",
            "id": "soumyakc-dest-mum-999",
            "policy": "{\"Statement\":[{\"Action\":\"s3:PutObject\",\"Condition\":{\"StringEquals\":{\"aws:SourceAccount\":\"122610480432\"}},\"Effect\":\"Allow\",\"Principal\":{\"Service\":\"s3.amazonaws.com\"},\"Resource\":\"arn:aws:s3:::soumyakc-dest-mum-999/*\",\"Sid\":\"AllowS3InventoryFromSourceAccount\"}],\"Version\":\"2012-10-17\"}"
          },
          "sensitive_attributes": [],
          "identity_schema_version": 0,
          "private": "bnVsbA==",
          "dependencies": [
            "aws_s3_bucket.destination_analytics_raw"
          ]
        }
      ]
    }
  ],
  "check_results": null
}
